// !$*UTF8*$!
{
	archiveVersion = 1;
	classes = {
	};
	objectVersion = 55;
	objects = {

/* Begin PBXBuildFile section */
		242D305B274E6BF700F844EC /* AppDelegate.swift in Sources */ = {isa = PBXBuildFile; fileRef = 242D305A274E6BF700F844EC /* AppDelegate.swift */; };
		242D305D274E6BF700F844EC /* SceneDelegate.swift in Sources */ = {isa = PBXBuildFile; fileRef = 242D305C274E6BF700F844EC /* SceneDelegate.swift */; };
		242D305F274E6BF700F844EC /* ViewController.swift in Sources */ = {isa = PBXBuildFile; fileRef = 242D305E274E6BF700F844EC /* ViewController.swift */; };
		242D3062274E6BF700F844EC /* Main.storyboard in Resources */ = {isa = PBXBuildFile; fileRef = 242D3060274E6BF700F844EC /* Main.storyboard */; };
		242D3064274E6BF700F844EC /* Assets.xcassets in Resources */ = {isa = PBXBuildFile; fileRef = 242D3063274E6BF700F844EC /* Assets.xcassets */; };
		242D3067274E6BF700F844EC /* LaunchScreen.storyboard in Resources */ = {isa = PBXBuildFile; fileRef = 242D3065274E6BF700F844EC /* LaunchScreen.storyboard */; };
		242D308E274E6CF800F844EC /* song_03.mp3 in Resources */ = {isa = PBXBuildFile; fileRef = 242D308B274E6CF800F844EC /* song_03.mp3 */; };
		242D308F274E6CF800F844EC /* song_01.mp3 in Resources */ = {isa = PBXBuildFile; fileRef = 242D308C274E6CF800F844EC /* song_01.mp3 */; };
		242D3090274E6CF800F844EC /* song_02.mp3 in Resources */ = {isa = PBXBuildFile; fileRef = 242D308D274E6CF800F844EC /* song_02.mp3 */; };
		242D3093274E762E00F844EC /* Music.swift in Sources */ = {isa = PBXBuildFile; fileRef = 242D3092274E762E00F844EC /* Music.swift */; };
		242D3095274E76D600F844EC /* Mock.swift in Sources */ = {isa = PBXBuildFile; fileRef = 242D3094274E76D600F844EC /* Mock.swift */; };
/* End PBXBuildFile section */

/* Begin PBXFileReference section */
		242D3057274E6BF700F844EC /* PodFy.app */ = {isa = PBXFileReference; explicitFileType = wrapper.application; includeInIndex = 0; path = PodFy.app; sourceTree = BUILT_PRODUCTS_DIR; };
		242D305A274E6BF700F844EC /* AppDelegate.swift */ = {isa = PBXFileReference; lastKnownFileType = sourcecode.swift; path = AppDelegate.swift; sourceTree = "<group>"; };
		242D305C274E6BF700F844EC /* SceneDelegate.swift */ = {isa = PBXFileReference; lastKnownFileType = sourcecode.swift; path = SceneDelegate.swift; sourceTree = "<group>"; };
		242D305E274E6BF700F844EC /* ViewController.swift */ = {isa = PBXFileReference; lastKnownFileType = sourcecode.swift; path = ViewController.swift; sourceTree = "<group>"; };
		242D3061274E6BF700F844EC /* Base */ = {isa = PBXFileReference; lastKnownFileType = file.storyboard; name = Base; path = Base.lproj/Main.storyboard; sourceTree = "<group>"; };
		242D3063274E6BF700F844EC /* Assets.xcassets */ = {isa = PBXFileReference; lastKnownFileType = folder.assetcatalog; path = Assets.xcassets; sourceTree = "<group>"; };
		242D3066274E6BF700F844EC /* Base */ = {isa = PBXFileReference; lastKnownFileType = file.storyboard; name = Base; path = Base.lproj/LaunchScreen.storyboard; sourceTree = "<group>"; };
		242D3068274E6BF700F844EC /* Info.plist */ = {isa = PBXFileReference; lastKnownFileType = text.plist.xml; path = Info.plist; sourceTree = "<group>"; };
		242D308B274E6CF800F844EC /* song_03.mp3 */ = {isa = PBXFileReference; lastKnownFileType = audio.mp3; path = song_03.mp3; sourceTree = "<group>"; };
		242D308C274E6CF800F844EC /* song_01.mp3 */ = {isa = PBXFileReference; lastKnownFileType = audio.mp3; path = song_01.mp3; sourceTree = "<group>"; };
		242D308D274E6CF800F844EC /* song_02.mp3 */ = {isa = PBXFileReference; lastKnownFileType = audio.mp3; path = song_02.mp3; sourceTree = "<group>"; };
		242D3092274E762E00F844EC /* Music.swift */ = {isa = PBXFileReference; lastKnownFileType = sourcecode.swift; path = Music.swift; sourceTree = "<group>"; };
		242D3094274E76D600F844EC /* Mock.swift */ = {isa = PBXFileReference; lastKnownFileType = sourcecode.swift; path = Mock.swift; sourceTree = "<group>"; };
/* End PBXFileReference section */

/* Begin PBXFrameworksBuildPhase section */
		242D3054274E6BF700F844EC /* Frameworks */ = {
			isa = PBXFrameworksBuildPhase;
			buildActionMask = 2147483647;
			files = (
			);
			runOnlyForDeploymentPostprocessing = 0;
		};
/* End PBXFrameworksBuildPhase section */

/* Begin PBXGroup section */
		242D304E274E6BF700F844EC = {
			isa = PBXGroup;
			children = (
				242D3059274E6BF700F844EC /* PodFy */,
				242D3058274E6BF700F844EC /* Products */,
			);
			sourceTree = "<group>";
		};
		242D3058274E6BF700F844EC /* Products */ = {
			isa = PBXGroup;
			children = (
				242D3057274E6BF700F844EC /* PodFy.app */,
			);
			name = Products;
			sourceTree = "<group>";
		};
		242D3059274E6BF700F844EC /* PodFy */ = {
			isa = PBXGroup;
			children = (
				242D3091274E760900F844EC /* Application */,
				242D308A274E6CB500F844EC /* Sounds */,
				242D305E274E6BF700F844EC /* ViewController.swift */,
				242D3092274E762E00F844EC /* Music.swift */,
				242D3094274E76D600F844EC /* Mock.swift */,
				242D3060274E6BF700F844EC /* Main.storyboard */,
			);
			path = PodFy;
			sourceTree = "<group>";
		};
		242D308A274E6CB500F844EC /* Sounds */ = {
			isa = PBXGroup;
			children = (
				242D308C274E6CF800F844EC /* song_01.mp3 */,
				242D308D274E6CF800F844EC /* song_02.mp3 */,
				242D308B274E6CF800F844EC /* song_03.mp3 */,
			);
			path = Sounds;
			sourceTree = "<group>";
		};
		242D3091274E760900F844EC /* Application */ = {
			isa = PBXGroup;
			children = (
				242D305A274E6BF700F844EC /* AppDelegate.swift */,
				242D305C274E6BF700F844EC /* SceneDelegate.swift */,
				242D3063274E6BF700F844EC /* Assets.xcassets */,
				242D3065274E6BF700F844EC /* LaunchScreen.storyboard */,
				242D3068274E6BF700F844EC /* Info.plist */,
			);
			path = Application;
			sourceTree = "<group>";
		};
/* End PBXGroup section */

/* Begin PBXNativeTarget section */
		242D3056274E6BF700F844EC /* PodFy */ = {
			isa = PBXNativeTarget;
			buildConfigurationList = 242D3081274E6BF800F844EC /* Build configuration list for PBXNativeTarget "PodFy" */;
			buildPhases = (
				242D3053274E6BF700F844EC /* Sources */,
				242D3054274E6BF700F844EC /* Frameworks */,
				242D3055274E6BF700F844EC /* Resources */,
			);
			buildRules = (
			);
			dependencies = (
			);
			name = PodFy;
			productName = PodFy;
			productReference = 242D3057274E6BF700F844EC /* PodFy.app */;
			productType = "com.apple.product-type.application";
		};
/* End PBXNativeTarget section */

/* Begin PBXProject section */
		242D304F274E6BF700F844EC /* Project object */ = {
			isa = PBXProject;
			attributes = {
				BuildIndependentTargetsInParallel = 1;
				LastSwiftUpdateCheck = 1310;
				LastUpgradeCheck = 1310;
				TargetAttributes = {
					242D3056274E6BF700F844EC = {
						CreatedOnToolsVersion = 13.1;
					};
				};
			};
			buildConfigurationList = 242D3052274E6BF700F844EC /* Build configuration list for PBXProject "PodFy" */;
			compatibilityVersion = "Xcode 13.0";
			developmentRegion = en;
			hasScannedForEncodings = 0;
			knownRegions = (
				en,
				Base,
			);
			mainGroup = 242D304E274E6BF700F844EC;
			productRefGroup = 242D3058274E6BF700F844EC /* Products */;
			projectDirPath = "";
			projectRoot = "";
			targets = (
				242D3056274E6BF700F844EC /* PodFy */,
			);
		};
/* End PBXProject section */

/* Begin PBXResourcesBuildPhase section */
		242D3055274E6BF700F844EC /* Resources */ = {
			isa = PBXResourcesBuildPhase;
			buildActionMask = 2147483647;
			files = (
				242D308E274E6CF800F844EC /* song_03.mp3 in Resources */,
				242D3067274E6BF700F844EC /* LaunchScreen.storyboard in Resources */,
				242D308F274E6CF800F844EC /* song_01.mp3 in Resources */,
				242D3090274E6CF800F844EC /* song_02.mp3 in Resources */,
				242D3064274E6BF700F844EC /* Assets.xcassets in Resources */,
				242D3062274E6BF700F844EC /* Main.storyboard in Resources */,
			);
			runOnlyForDeploymentPostprocessing = 0;
		};
/* End PBXResourcesBuildPhase section */

/* Begin PBXSourcesBuildPhase section */
		242D3053274E6BF700F844EC /* Sources */ = {
			isa = PBXSourcesBuildPhase;
			buildActionMask = 2147483647;
			files = (
				242D305F274E6BF700F844EC /* ViewController.swift in Sources */,
				242D3095274E76D600F844EC /* Mock.swift in Sources */,
				242D305B274E6BF700F844EC /* AppDelegate.swift in Sources */,
				242D305D274E6BF700F844EC /* SceneDelegate.swift in Sources */,
				242D3093274E762E00F844EC /* Music.swift in Sources */,
			);
			runOnlyForDeploymentPostprocessing = 0;
		};
/* End PBXSourcesBuildPhase section */

/* Begin PBXVariantGroup section */
		242D3060274E6BF700F844EC /* Main.storyboard */ = {
			isa = PBXVariantGroup;
			children = (
				242D3061274E6BF700F844EC /* Base */,
			);
			name = Main.storyboard;
			sourceTree = "<group>";
		};
		242D3065274E6BF700F844EC /* LaunchScreen.storyboard */ = {
			isa = PBXVariantGroup;
			children = (
				242D3066274E6BF700F844EC /* Base */,
			);
			name = LaunchScreen.storyboard;
			sourceTree = "<group>";
		};
/* End PBXVariantGroup section */

/* Begin XCBuildConfiguration section */
		242D307F274E6BF800F844EC /* Debug */ = {
			isa = XCBuildConfiguration;
			buildSettings = {
				ALWAYS_SEARCH_USER_PATHS = NO;
				CLANG_ANALYZER_NONNULL = YES;
				CLANG_ANALYZER_NUMBER_OBJECT_CONVERSION = YES_AGGRESSIVE;
				CLANG_CXX_LANGUAGE_STANDARD = "gnu++17";
				CLANG_CXX_LIBRARY = "libc++";
				CLANG_ENABLE_MODULES = YES;
				CLANG_ENABLE_OBJC_ARC = YES;
				CLANG_ENABLE_OBJC_WEAK = YES;
				CLANG_WARN_BLOCK_CAPTURE_AUTORELEASING = YES;
				CLANG_WARN_BOOL_CONVERSION = YES;
				CLANG_WARN_COMMA = YES;
				CLANG_WARN_CONSTANT_CONVERSION = YES;
				CLANG_WARN_DEPRECATED_OBJC_IMPLEMENTATIONS = YES;
				CLANG_WARN_DIRECT_OBJC_ISA_USAGE = YES_ERROR;
				CLANG_WARN_DOCUMENTATION_COMMENTS = YES;
				CLANG_WARN_EMPTY_BODY = YES;
				CLANG_WARN_ENUM_CONVERSION = YES;
				CLANG_WARN_INFINITE_RECURSION = YES;
				CLANG_WARN_INT_CONVERSION = YES;
				CLANG_WARN_NON_LITERAL_NULL_CONVERSION = YES;
				CLANG_WARN_OBJC_IMPLICIT_RETAIN_SELF = YES;
				CLANG_WARN_OBJC_LITERAL_CONVERSION = YES;
				CLANG_WARN_OBJC_ROOT_CLASS = YES_ERROR;
				CLANG_WARN_QUOTED_INCLUDE_IN_FRAMEWORK_HEADER = YES;
				CLANG_WARN_RANGE_LOOP_ANALYSIS = YES;
				CLANG_WARN_STRICT_PROTOTYPES = YES;
				CLANG_WARN_SUSPICIOUS_MOVE = YES;
				CLANG_WARN_UNGUARDED_AVAILABILITY = YES_AGGRESSIVE;
				CLANG_WARN_UNREACHABLE_CODE = YES;
				CLANG_WARN__DUPLICATE_METHOD_MATCH = YES;
				COPY_PHASE_STRIP = NO;
				DEBUG_INFORMATION_FORMAT = dwarf;
				ENABLE_STRICT_OBJC_MSGSEND = YES;
				ENABLE_TESTABILITY = YES;
				GCC_C_LANGUAGE_STANDARD = gnu11;
				GCC_DYNAMIC_NO_PIC = NO;
				GCC_NO_COMMON_BLOCKS = YES;
				GCC_OPTIMIZATION_LEVEL = 0;
				GCC_PREPROCESSOR_DEFINITIONS = (
					"DEBUG=1",
					"$(inherited)",
				);
				GCC_WARN_64_TO_32_BIT_CONVERSION = YES;
				GCC_WARN_ABOUT_RETURN_TYPE = YES_ERROR;
				GCC_WARN_UNDECLARED_SELECTOR = YES;
				GCC_WARN_UNINITIALIZED_AUTOS = YES_AGGRESSIVE;
				GCC_WARN_UNUSED_FUNCTION = YES;
				GCC_WARN_UNUSED_VARIABLE = YES;
				IPHONEOS_DEPLOYMENT_TARGET = 15.0;
				MTL_ENABLE_DEBUG_INFO = INCLUDE_SOURCE;
				MTL_FAST_MATH = YES;
				ONLY_ACTIVE_ARCH = YES;
				SDKROOT = iphoneos;
				SWIFT_ACTIVE_COMPILATION_CONDITIONS = DEBUG;
				SWIFT_OPTIMIZATION_LEVEL = "-Onone";
			};
			name = Debug;
		};
		242D3080274E6BF800F844EC /* Release */ = {
			isa = XCBuildConfiguration;
			buildSettings = {
				ALWAYS_SEARCH_USER_PATHS = NO;
				CLANG_ANALYZER_NONNULL = YES;
				CLANG_ANALYZER_NUMBER_OBJECT_CONVERSION = YES_AGGRESSIVE;
				CLANG_CXX_LANGUAGE_STANDARD = "gnu++17";
				CLANG_CXX_LIBRARY = "libc++";
				CLANG_ENABLE_MODULES = YES;
				CLANG_ENABLE_OBJC_ARC = YES;
				CLANG_ENABLE_OBJC_WEAK = YES;
				CLANG_WARN_BLOCK_CAPTURE_AUTORELEASING = YES;
				CLANG_WARN_BOOL_CONVERSION = YES;
				CLANG_WARN_COMMA = YES;
				CLANG_WARN_CONSTANT_CONVERSION = YES;
				CLANG_WARN_DEPRECATED_OBJC_IMPLEMENTATIONS = YES;
				CLANG_WARN_DIRECT_OBJC_ISA_USAGE = YES_ERROR;
				CLANG_WARN_DOCUMENTATION_COMMENTS = YES;
				CLANG_WARN_EMPTY_BODY = YES;
				CLANG_WARN_ENUM_CONVERSION = YES;
				CLANG_WARN_INFINITE_RECURSION = YES;
				CLANG_WARN_INT_CONVERSION = YES;
				CLANG_WARN_NON_LITERAL_NULL_CONVERSION = YES;
				CLANG_WARN_OBJC_IMPLICIT_RETAIN_SELF = YES;
				CLANG_WARN_OBJC_LITERAL_CONVERSION = YES;
				CLANG_WARN_OBJC_ROOT_CLASS = YES_ERROR;
				CLANG_WARN_QUOTED_INCLUDE_IN_FRAMEWORK_HEADER = YES;
				CLANG_WARN_RANGE_LOOP_ANALYSIS = YES;
				CLANG_WARN_STRICT_PROTOTYPES = YES;
				CLANG_WARN_SUSPICIOUS_MOVE = YES;
				CLANG_WARN_UNGUARDED_AVAILABILITY = YES_AGGRESSIVE;
				CLANG_WARN_UNREACHABLE_CODE = YES;
				CLANG_WARN__DUPLICATE_METHOD_MATCH = YES;
				COPY_PHASE_STRIP = NO;
				DEBUG_INFORMATION_FORMAT = "dwarf-with-dsym";
				ENABLE_NS_ASSERTIONS = NO;
				ENABLE_STRICT_OBJC_MSGSEND = YES;
				GCC_C_LANGUAGE_STANDARD = gnu11;
				GCC_NO_COMMON_BLOCKS = YES;
				GCC_WARN_64_TO_32_BIT_CONVERSION = YES;
				GCC_WARN_ABOUT_RETURN_TYPE = YES_ERROR;
				GCC_WARN_UNDECLARED_SELECTOR = YES;
				GCC_WARN_UNINITIALIZED_AUTOS = YES_AGGRESSIVE;
				GCC_WARN_UNUSED_FUNCTION = YES;
				GCC_WARN_UNUSED_VARIABLE = YES;
				IPHONEOS_DEPLOYMENT_TARGET = 15.0;
				MTL_ENABLE_DEBUG_INFO = NO;
				MTL_FAST_MATH = YES;
				SDKROOT = iphoneos;
				SWIFT_COMPILATION_MODE = wholemodule;
				SWIFT_OPTIMIZATION_LEVEL = "-O";
				VALIDATE_PRODUCT = YES;
			};
			name = Release;
		};
		242D3082274E6BF800F844EC /* Debug */ = {
			isa = XCBuildConfiguration;
			buildSettings = {
				ASSETCATALOG_COMPILER_APPICON_NAME = AppIcon;
				ASSETCATALOG_COMPILER_GLOBAL_ACCENT_COLOR_NAME = AccentColor;
				CODE_SIGN_STYLE = Automatic;
				CURRENT_PROJECT_VERSION = 1;
				GENERATE_INFOPLIST_FILE = YES;
				INFOPLIST_FILE = PodFy/Application/Info.plist;
				INFOPLIST_KEY_UIApplicationSupportsIndirectInputEvents = YES;
				INFOPLIST_KEY_UILaunchStoryboardName = LaunchScreen;
				INFOPLIST_KEY_UIMainStoryboardFile = Main;
				INFOPLIST_KEY_UISupportedInterfaceOrientations_iPad = "UIInterfaceOrientationPortrait UIInterfaceOrientationPortraitUpsideDown UIInterfaceOrientationLandscapeLeft UIInterfaceOrientationLandscapeRight";
				INFOPLIST_KEY_UISupportedInterfaceOrientations_iPhone = "UIInterfaceOrientationPortrait UIInterfaceOrientationLandscapeLeft UIInterfaceOrientationLandscapeRight";
				LD_RUNPATH_SEARCH_PATHS = (
					"$(inherited)",
					"@executable_path/Frameworks",
				);
				MARKETING_VERSION = 1.0;
				PRODUCT_BUNDLE_IDENTIFIER = br.com.rodrigo.PodFy;
				PRODUCT_NAME = "$(TARGET_NAME)";
				SWIFT_EMIT_LOC_STRINGS = YES;
				SWIFT_VERSION = 5.0;
				TARGETED_DEVICE_FAMILY = "1,2";
			};
			name = Debug;
		};
		242D3083274E6BF800F844EC /* Release */ = {
			isa = XCBuildConfiguration;
			buildSettings = {
				ASSETCATALOG_COMPILER_APPICON_NAME = AppIcon;
				ASSETCATALOG_COMPILER_GLOBAL_ACCENT_COLOR_NAME = AccentColor;
				CODE_SIGN_STYLE = Automatic;
				CURRENT_PROJECT_VERSION = 1;
				GENERATE_INFOPLIST_FILE = YES;
				INFOPLIST_FILE = PodFy/Application/Info.plist;
				INFOPLIST_KEY_UIApplicationSupportsIndirectInputEvents = YES;
				INFOPLIST_KEY_UILaunchStoryboardName = LaunchScreen;
				INFOPLIST_KEY_UIMainStoryboardFile = Main;
				INFOPLIST_KEY_UISupportedInterfaceOrientations_iPad = "UIInterfaceOrientationPortrait UIInterfaceOrientationPortraitUpsideDown UIInterfaceOrientationLandscapeLeft UIInterfaceOrientationLandscapeRight";
				INFOPLIST_KEY_UISupportedInterfaceOrientations_iPhone = "UIInterfaceOrientationPortrait UIInterfaceOrientationLandscapeLeft UIInterfaceOrientationLandscapeRight";
				LD_RUNPATH_SEARCH_PATHS = (
					"$(inherited)",
					"@executable_path/Frameworks",
				);
				MARKETING_VERSION = 1.0;
				PRODUCT_BUNDLE_IDENTIFIER = br.com.rodrigo.PodFy;
				PRODUCT_NAME = "$(TARGET_NAME)";
				SWIFT_EMIT_LOC_STRINGS = YES;
				SWIFT_VERSION = 5.0;
				TARGETED_DEVICE_FAMILY = "1,2";
			};
			name = Release;
		};
/* End XCBuildConfiguration section */

/* Begin XCConfigurationList section */
		242D3052274E6BF700F844EC /* Build configuration list for PBXProject "PodFy" */ = {
			isa = XCConfigurationList;
			buildConfigurations = (
				242D307F274E6BF800F844EC /* Debug */,
				242D3080274E6BF800F844EC /* Release */,
			);
			defaultConfigurationIsVisible = 0;
			defaultConfigurationName = Release;
		};
		242D3081274E6BF800F844EC /* Build configuration list for PBXNativeTarget "PodFy" */ = {
			isa = XCConfigurationList;
			buildConfigurations = (
				242D3082274E6BF800F844EC /* Debug */,
				242D3083274E6BF800F844EC /* Release */,
			);
			defaultConfigurationIsVisible = 0;
			defaultConfigurationName = Release;
		};
/* End XCConfigurationList section */
	};
	rootObject = 242D304F274E6BF700F844EC /* Project object */;
}
